// !$*UTF8*$!
{
	archiveVersion = 1;
	classes = {
	};
	objectVersion = 46;
	objects = {

/* Begin PBXBuildFile section */
		012483CA187BB462001F7D51 /* CCBlogPost.m in Sources */ = {isa = PBXBuildFile; fileRef = 012483C9187BB462001F7D51 /* CCBlogPost.m */; };
		0158D6D7185F75D400DBB654 /* Cocoa.framework in Frameworks */ = {isa = PBXBuildFile; fileRef = 0158D6D6185F75D400DBB654 /* Cocoa.framework */; };
		0158D6E3185F75D400DBB654 /* main.m in Sources */ = {isa = PBXBuildFile; fileRef = 0158D6E2185F75D400DBB654 /* main.m */; };
		0158D6EF185F75D400DBB654 /* Images.xcassets in Resources */ = {isa = PBXBuildFile; fileRef = 0158D6EE185F75D400DBB654 /* Images.xcassets */; };
		0158D70E185F7C1100DBB654 /* CCTemplateInstaller.m in Sources */ = {isa = PBXBuildFile; fileRef = 0158D70D185F7C1100DBB654 /* CCTemplateInstaller.m */; };
		0158D712185F7CCC00DBB654 /* CCInstallerViewController.m in Sources */ = {isa = PBXBuildFile; fileRef = 0158D710185F7CCC00DBB654 /* CCInstallerViewController.m */; };
		0158D713185F7CCC00DBB654 /* CCInstallerViewController.xib in Resources */ = {isa = PBXBuildFile; fileRef = 0158D711185F7CCC00DBB654 /* CCInstallerViewController.xib */; };
		0158D717185FFB1B00DBB654 /* Localizable.strings in Resources */ = {isa = PBXBuildFile; fileRef = 0158D719185FFB1B00DBB654 /* Localizable.strings */; };
		0158D724185FFCC300DBB654 /* AppDelegate.m in Sources */ = {isa = PBXBuildFile; fileRef = 0158D723185FFCC300DBB654 /* AppDelegate.m */; };
		0158D729185FFCF700DBB654 /* Credits.rtf in Resources */ = {isa = PBXBuildFile; fileRef = 0158D725185FFCF700DBB654 /* Credits.rtf */; };
		0158D72A185FFCF700DBB654 /* InfoPlist.strings in Resources */ = {isa = PBXBuildFile; fileRef = 0158D727185FFCF700DBB654 /* InfoPlist.strings */; };
		0158D7561860036700DBB654 /* CCIntroView.m in Sources */ = {isa = PBXBuildFile; fileRef = 0158D7551860036700DBB654 /* CCIntroView.m */; };
		0158D7591860037400DBB654 /* CCInstallerView.m in Sources */ = {isa = PBXBuildFile; fileRef = 0158D7581860037400DBB654 /* CCInstallerView.m */; };
		0158D76118613E2E00DBB654 /* LICENSE.txt in Resources */ = {isa = PBXBuildFile; fileRef = 0158D75E18613E2E00DBB654 /* LICENSE.txt */; };
		0158D76218613E2E00DBB654 /* Reachability.m in Sources */ = {isa = PBXBuildFile; fileRef = 0158D76018613E2E00DBB654 /* Reachability.m */; };
		0158D76418613F5C00DBB654 /* LICENSE in Resources */ = {isa = PBXBuildFile; fileRef = 0158D76318613F5C00DBB654 /* LICENSE */; };
		0158D7661861424900DBB654 /* SystemConfiguration.framework in Frameworks */ = {isa = PBXBuildFile; fileRef = 0158D7651861424900DBB654 /* SystemConfiguration.framework */; };
		0158D768186218F100DBB654 /* MainMenu.xib in Resources */ = {isa = PBXBuildFile; fileRef = 0158D767186218F100DBB654 /* MainMenu.xib */; };
		0158D76A1862962300DBB654 /* QuartzCore.framework in Frameworks */ = {isa = PBXBuildFile; fileRef = 0158D7691862962300DBB654 /* QuartzCore.framework */; };
		01A763E81880488E008BCE5E /* CCBlogTableCell.m in Sources */ = {isa = PBXBuildFile; fileRef = 01A763E71880488E008BCE5E /* CCBlogTableCell.m */; };
		01D497DD1862C9A700872459 /* CCResultView.m in Sources */ = {isa = PBXBuildFile; fileRef = 01D497DC1862C9A700872459 /* CCResultView.m */; };
		01D497E81862D89900872459 /* CCDocumentationArguments.sh in Resources */ = {isa = PBXBuildFile; fileRef = 01D497E71862D49B00872459 /* CCDocumentationArguments.sh */; };
/* End PBXBuildFile section */

/* Begin PBXFileReference section */
		012483C8187BB462001F7D51 /* CCBlogPost.h */ = {isa = PBXFileReference; fileEncoding = 4; lastKnownFileType = sourcecode.c.h; path = CCBlogPost.h; sourceTree = "<group>"; };
		012483C9187BB462001F7D51 /* CCBlogPost.m */ = {isa = PBXFileReference; fileEncoding = 4; lastKnownFileType = sourcecode.c.objc; path = CCBlogPost.m; sourceTree = "<group>"; };
		0158D6D3185F75D400DBB654 /* cocos2d Installer.app */ = {isa = PBXFileReference; explicitFileType = wrapper.application; includeInIndex = 0; path = "cocos2d Installer.app"; sourceTree = BUILT_PRODUCTS_DIR; };
		0158D6D6185F75D400DBB654 /* Cocoa.framework */ = {isa = PBXFileReference; lastKnownFileType = wrapper.framework; name = Cocoa.framework; path = System/Library/Frameworks/Cocoa.framework; sourceTree = SDKROOT; };
		0158D6D9185F75D400DBB654 /* AppKit.framework */ = {isa = PBXFileReference; lastKnownFileType = wrapper.framework; name = AppKit.framework; path = System/Library/Frameworks/AppKit.framework; sourceTree = SDKROOT; };
		0158D6DA185F75D400DBB654 /* CoreData.framework */ = {isa = PBXFileReference; lastKnownFileType = wrapper.framework; name = CoreData.framework; path = System/Library/Frameworks/CoreData.framework; sourceTree = SDKROOT; };
		0158D6DB185F75D400DBB654 /* Foundation.framework */ = {isa = PBXFileReference; lastKnownFileType = wrapper.framework; name = Foundation.framework; path = System/Library/Frameworks/Foundation.framework; sourceTree = SDKROOT; };
		0158D6DE185F75D400DBB654 /* cocos2d Installer-Info.plist */ = {isa = PBXFileReference; lastKnownFileType = text.plist.xml; path = "cocos2d Installer-Info.plist"; sourceTree = "<group>"; };
		0158D6E2185F75D400DBB654 /* main.m */ = {isa = PBXFileReference; lastKnownFileType = sourcecode.c.objc; path = main.m; sourceTree = "<group>"; };
		0158D6E4185F75D400DBB654 /* cocos2d Installer-Prefix.pch */ = {isa = PBXFileReference; lastKnownFileType = sourcecode.c.h; path = "cocos2d Installer-Prefix.pch"; sourceTree = "<group>"; };
		0158D6EE185F75D400DBB654 /* Images.xcassets */ = {isa = PBXFileReference; lastKnownFileType = folder.assetcatalog; path = Images.xcassets; sourceTree = "<group>"; };
		0158D70C185F7C1100DBB654 /* CCTemplateInstaller.h */ = {isa = PBXFileReference; fileEncoding = 4; lastKnownFileType = sourcecode.c.h; path = CCTemplateInstaller.h; sourceTree = "<group>"; };
		0158D70D185F7C1100DBB654 /* CCTemplateInstaller.m */ = {isa = PBXFileReference; fileEncoding = 4; lastKnownFileType = sourcecode.c.objc; path = CCTemplateInstaller.m; sourceTree = "<group>"; };
		0158D70F185F7CCC00DBB654 /* CCInstallerViewController.h */ = {isa = PBXFileReference; fileEncoding = 4; lastKnownFileType = sourcecode.c.h; path = CCInstallerViewController.h; sourceTree = "<group>"; };
		0158D710185F7CCC00DBB654 /* CCInstallerViewController.m */ = {isa = PBXFileReference; fileEncoding = 4; lastKnownFileType = sourcecode.c.objc; path = CCInstallerViewController.m; sourceTree = "<group>"; };
		0158D711185F7CCC00DBB654 /* CCInstallerViewController.xib */ = {isa = PBXFileReference; fileEncoding = 4; lastKnownFileType = file.xib; path = CCInstallerViewController.xib; sourceTree = "<group>"; };
		0158D71B185FFB4900DBB654 /* en */ = {isa = PBXFileReference; lastKnownFileType = text.plist.strings; name = en; path = en.lproj/Localizable.strings; sourceTree = "<group>"; };
		0158D722185FFCC300DBB654 /* AppDelegate.h */ = {isa = PBXFileReference; fileEncoding = 4; lastKnownFileType = sourcecode.c.h; path = AppDelegate.h; sourceTree = "<group>"; };
		0158D723185FFCC300DBB654 /* AppDelegate.m */ = {isa = PBXFileReference; fileEncoding = 4; lastKnownFileType = sourcecode.c.objc; path = AppDelegate.m; sourceTree = "<group>"; };
		0158D726185FFCF700DBB654 /* en */ = {isa = PBXFileReference; lastKnownFileType = text.rtf; name = en; path = en.lproj/Credits.rtf; sourceTree = "<group>"; };
		0158D728185FFCF700DBB654 /* en */ = {isa = PBXFileReference; lastKnownFileType = text.plist.strings; name = en; path = en.lproj/InfoPlist.strings; sourceTree = "<group>"; };
		0158D7541860036700DBB654 /* CCIntroView.h */ = {isa = PBXFileReference; fileEncoding = 4; lastKnownFileType = sourcecode.c.h; path = CCIntroView.h; sourceTree = "<group>"; };
		0158D7551860036700DBB654 /* CCIntroView.m */ = {isa = PBXFileReference; fileEncoding = 4; lastKnownFileType = sourcecode.c.objc; path = CCIntroView.m; sourceTree = "<group>"; };
		0158D7571860037400DBB654 /* CCInstallerView.h */ = {isa = PBXFileReference; fileEncoding = 4; lastKnownFileType = sourcecode.c.h; path = CCInstallerView.h; sourceTree = "<group>"; };
		0158D7581860037400DBB654 /* CCInstallerView.m */ = {isa = PBXFileReference; fileEncoding = 4; lastKnownFileType = sourcecode.c.objc; path = CCInstallerView.m; sourceTree = "<group>"; };
		0158D75E18613E2E00DBB654 /* LICENSE.txt */ = {isa = PBXFileReference; fileEncoding = 4; lastKnownFileType = text; path = LICENSE.txt; sourceTree = "<group>"; };
		0158D75F18613E2E00DBB654 /* Reachability.h */ = {isa = PBXFileReference; fileEncoding = 4; lastKnownFileType = sourcecode.c.h; path = Reachability.h; sourceTree = "<group>"; };
		0158D76018613E2E00DBB654 /* Reachability.m */ = {isa = PBXFileReference; fileEncoding = 4; lastKnownFileType = sourcecode.c.objc; path = Reachability.m; sourceTree = "<group>"; };
		0158D76318613F5C00DBB654 /* LICENSE */ = {isa = PBXFileReference; fileEncoding = 4; lastKnownFileType = text; path = LICENSE; sourceTree = SOURCE_ROOT; };
		0158D7651861424900DBB654 /* SystemConfiguration.framework */ = {isa = PBXFileReference; lastKnownFileType = wrapper.framework; name = SystemConfiguration.framework; path = System/Library/Frameworks/SystemConfiguration.framework; sourceTree = SDKROOT; };
		0158D767186218F100DBB654 /* MainMenu.xib */ = {isa = PBXFileReference; fileEncoding = 4; lastKnownFileType = file.xib; path = MainMenu.xib; sourceTree = "<group>"; };
		0158D7691862962300DBB654 /* QuartzCore.framework */ = {isa = PBXFileReference; lastKnownFileType = wrapper.framework; name = QuartzCore.framework; path = System/Library/Frameworks/QuartzCore.framework; sourceTree = SDKROOT; };
		01A763E61880488E008BCE5E /* CCBlogTableCell.h */ = {isa = PBXFileReference; fileEncoding = 4; lastKnownFileType = sourcecode.c.h; path = CCBlogTableCell.h; sourceTree = "<group>"; };
		01A763E71880488E008BCE5E /* CCBlogTableCell.m */ = {isa = PBXFileReference; fileEncoding = 4; lastKnownFileType = sourcecode.c.objc; path = CCBlogTableCell.m; sourceTree = "<group>"; };
		01D497DB1862C9A700872459 /* CCResultView.h */ = {isa = PBXFileReference; fileEncoding = 4; lastKnownFileType = sourcecode.c.h; path = CCResultView.h; sourceTree = "<group>"; };
		01D497DC1862C9A700872459 /* CCResultView.m */ = {isa = PBXFileReference; fileEncoding = 4; lastKnownFileType = sourcecode.c.objc; path = CCResultView.m; sourceTree = "<group>"; };
		01D497E71862D49B00872459 /* CCDocumentationArguments.sh */ = {isa = PBXFileReference; lastKnownFileType = text.script.sh; path = CCDocumentationArguments.sh; sourceTree = "<group>"; };
/* End PBXFileReference section */

/* Begin PBXFrameworksBuildPhase section */
		0158D6D0185F75D400DBB654 /* Frameworks */ = {
			isa = PBXFrameworksBuildPhase;
			buildActionMask = 2147483647;
			files = (
				0158D76A1862962300DBB654 /* QuartzCore.framework in Frameworks */,
				0158D7661861424900DBB654 /* SystemConfiguration.framework in Frameworks */,
				0158D6D7185F75D400DBB654 /* Cocoa.framework in Frameworks */,
			);
			runOnlyForDeploymentPostprocessing = 0;
		};
/* End PBXFrameworksBuildPhase section */

/* Begin PBXGroup section */
		0158D6CA185F75D400DBB654 = {
			isa = PBXGroup;
			children = (
				0158D6DC185F75D400DBB654 /* cocos2d Installer */,
				0158D6D5185F75D400DBB654 /* Frameworks */,
				0158D6D4185F75D400DBB654 /* Products */,
			);
			sourceTree = "<group>";
		};
		0158D6D4185F75D400DBB654 /* Products */ = {
			isa = PBXGroup;
			children = (
				0158D6D3185F75D400DBB654 /* cocos2d Installer.app */,
			);
			name = Products;
			sourceTree = "<group>";
		};
		0158D6D5185F75D400DBB654 /* Frameworks */ = {
			isa = PBXGroup;
			children = (
				0158D7691862962300DBB654 /* QuartzCore.framework */,
				0158D7651861424900DBB654 /* SystemConfiguration.framework */,
				0158D6D6185F75D400DBB654 /* Cocoa.framework */,
				0158D6D8185F75D400DBB654 /* Other Frameworks */,
			);
			name = Frameworks;
			sourceTree = "<group>";
		};
		0158D6D8185F75D400DBB654 /* Other Frameworks */ = {
			isa = PBXGroup;
			children = (
				0158D6D9185F75D400DBB654 /* AppKit.framework */,
				0158D6DA185F75D400DBB654 /* CoreData.framework */,
				0158D6DB185F75D400DBB654 /* Foundation.framework */,
			);
			name = "Other Frameworks";
			sourceTree = "<group>";
		};
		0158D6DC185F75D400DBB654 /* cocos2d Installer */ = {
			isa = PBXGroup;
			children = (
				0158D76318613F5C00DBB654 /* LICENSE */,
				0158D720185FFC9B00DBB654 /* Classes */,
				0158D75C18613E2400DBB654 /* Libraries */,
				0158D6DD185F75D400DBB654 /* Supporting Files */,
				0158D71F185FFB8600DBB654 /* Resources */,
			);
			path = "cocos2d Installer";
			sourceTree = "<group>";
		};
		0158D6DD185F75D400DBB654 /* Supporting Files */ = {
			isa = PBXGroup;
			children = (
				0158D767186218F100DBB654 /* MainMenu.xib */,
				0158D6DE185F75D400DBB654 /* cocos2d Installer-Info.plist */,
				0158D6E2185F75D400DBB654 /* main.m */,
				0158D6E4185F75D400DBB654 /* cocos2d Installer-Prefix.pch */,
				01D497E71862D49B00872459 /* CCDocumentationArguments.sh */,
			);
			path = "Supporting Files";
			sourceTree = "<group>";
		};
		0158D71C185FFB6300DBB654 /* Installer */ = {
			isa = PBXGroup;
			children = (
				0158D70C185F7C1100DBB654 /* CCTemplateInstaller.h */,
				0158D70D185F7C1100DBB654 /* CCTemplateInstaller.m */,
			);
			name = Installer;
			sourceTree = "<group>";
		};
		0158D71E185FFB7300DBB654 /* View Controller */ = {
			isa = PBXGroup;
			children = (
				0158D75A1860042000DBB654 /* Views */,
				0158D70F185F7CCC00DBB654 /* CCInstallerViewController.h */,
				0158D710185F7CCC00DBB654 /* CCInstallerViewController.m */,
				0158D711185F7CCC00DBB654 /* CCInstallerViewController.xib */,
				012483C8187BB462001F7D51 /* CCBlogPost.h */,
				012483C9187BB462001F7D51 /* CCBlogPost.m */,
				01A763E61880488E008BCE5E /* CCBlogTableCell.h */,
				01A763E71880488E008BCE5E /* CCBlogTableCell.m */,
			);
			name = "View Controller";
			sourceTree = "<group>";
		};
		0158D71F185FFB8600DBB654 /* Resources */ = {
			isa = PBXGroup;
			children = (
				0158D725185FFCF700DBB654 /* Credits.rtf */,
				0158D727185FFCF700DBB654 /* InfoPlist.strings */,
				0158D719185FFB1B00DBB654 /* Localizable.strings */,
				0158D6EE185F75D400DBB654 /* Images.xcassets */,
			);
			path = Resources;
			sourceTree = "<group>";
		};
		0158D720185FFC9B00DBB654 /* Classes */ = {
			isa = PBXGroup;
			children = (
				0158D721185FFCB900DBB654 /* App Delegate */,
				0158D71C185FFB6300DBB654 /* Installer */,
				0158D71E185FFB7300DBB654 /* View Controller */,
			);
			path = Classes;
			sourceTree = "<group>";
		};
		0158D721185FFCB900DBB654 /* App Delegate */ = {
			isa = PBXGroup;
			children = (
				0158D722185FFCC300DBB654 /* AppDelegate.h */,
				0158D723185FFCC300DBB654 /* AppDelegate.m */,
			);
			name = "App Delegate";
			sourceTree = "<group>";
		};
		0158D75A1860042000DBB654 /* Views */ = {
			isa = PBXGroup;
			children = (
				0158D7541860036700DBB654 /* CCIntroView.h */,
				0158D7551860036700DBB654 /* CCIntroView.m */,
				0158D7571860037400DBB654 /* CCInstallerView.h */,
				0158D7581860037400DBB654 /* CCInstallerView.m */,
				01D497DB1862C9A700872459 /* CCResultView.h */,
				01D497DC1862C9A700872459 /* CCResultView.m */,
			);
			name = Views;
			sourceTree = "<group>";
		};
		0158D75C18613E2400DBB654 /* Libraries */ = {
			isa = PBXGroup;
			children = (
				0158D75D18613E2E00DBB654 /* Reachability */,
			);
			name = Libraries;
			sourceTree = "<group>";
		};
		0158D75D18613E2E00DBB654 /* Reachability */ = {
			isa = PBXGroup;
			children = (
				0158D75E18613E2E00DBB654 /* LICENSE.txt */,
				0158D75F18613E2E00DBB654 /* Reachability.h */,
				0158D76018613E2E00DBB654 /* Reachability.m */,
			);
			name = Reachability;
			path = Libraries/Reachability;
			sourceTree = "<group>";
		};
/* End PBXGroup section */

/* Begin PBXNativeTarget section */
		0158D6D2185F75D400DBB654 /* cocos2d Installer */ = {
			isa = PBXNativeTarget;
			buildConfigurationList = 0158D704185F75D400DBB654 /* Build configuration list for PBXNativeTarget "cocos2d Installer" */;
			buildPhases = (
				0158D6CF185F75D400DBB654 /* Sources */,
				0158D6D0185F75D400DBB654 /* Frameworks */,
				0158D6D1185F75D400DBB654 /* Resources */,
			);
			buildRules = (
			);
			dependencies = (
			);
			name = "cocos2d Installer";
			productName = "cocos2d Installer";
			productReference = 0158D6D3185F75D400DBB654 /* cocos2d Installer.app */;
			productType = "com.apple.product-type.application";
		};
/* End PBXNativeTarget section */

/* Begin PBXProject section */
		0158D6CB185F75D400DBB654 /* Project object */ = {
			isa = PBXProject;
			attributes = {
				CLASSPREFIX = CC;
				LastUpgradeCheck = 0500;
				ORGANIZATIONNAME = "Dominik Hadl";
			};
			buildConfigurationList = 0158D6CE185F75D400DBB654 /* Build configuration list for PBXProject "cocos2d Installer" */;
			compatibilityVersion = "Xcode 3.2";
			developmentRegion = English;
			hasScannedForEncodings = 0;
			knownRegions = (
				en,
				Base,
			);
			mainGroup = 0158D6CA185F75D400DBB654;
			productRefGroup = 0158D6D4185F75D400DBB654 /* Products */;
			projectDirPath = "";
			projectRoot = "";
			targets = (
				0158D6D2185F75D400DBB654 /* cocos2d Installer */,
			);
		};
/* End PBXProject section */

/* Begin PBXResourcesBuildPhase section */
		0158D6D1185F75D400DBB654 /* Resources */ = {
			isa = PBXResourcesBuildPhase;
			buildActionMask = 2147483647;
			files = (
				0158D76118613E2E00DBB654 /* LICENSE.txt in Resources */,
				0158D729185FFCF700DBB654 /* Credits.rtf in Resources */,
				0158D72A185FFCF700DBB654 /* InfoPlist.strings in Resources */,
				01D497E81862D89900872459 /* CCDocumentationArguments.sh in Resources */,
				0158D76418613F5C00DBB654 /* LICENSE in Resources */,
				0158D713185F7CCC00DBB654 /* CCInstallerViewController.xib in Resources */,
				0158D6EF185F75D400DBB654 /* Images.xcassets in Resources */,
				0158D717185FFB1B00DBB654 /* Localizable.strings in Resources */,
				0158D768186218F100DBB654 /* MainMenu.xib in Resources */,
			);
			runOnlyForDeploymentPostprocessing = 0;
		};
/* End PBXResourcesBuildPhase section */

/* Begin PBXSourcesBuildPhase section */
		0158D6CF185F75D400DBB654 /* Sources */ = {
			isa = PBXSourcesBuildPhase;
			buildActionMask = 2147483647;
			files = (
				01A763E81880488E008BCE5E /* CCBlogTableCell.m in Sources */,
				0158D724185FFCC300DBB654 /* AppDelegate.m in Sources */,
				01D497DD1862C9A700872459 /* CCResultView.m in Sources */,
				0158D712185F7CCC00DBB654 /* CCInstallerViewController.m in Sources */,
				0158D7561860036700DBB654 /* CCIntroView.m in Sources */,
				0158D76218613E2E00DBB654 /* Reachability.m in Sources */,
				0158D6E3185F75D400DBB654 /* main.m in Sources */,
				0158D70E185F7C1100DBB654 /* CCTemplateInstaller.m in Sources */,
				0158D7591860037400DBB654 /* CCInstallerView.m in Sources */,
				012483CA187BB462001F7D51 /* CCBlogPost.m in Sources */,
			);
			runOnlyForDeploymentPostprocessing = 0;
		};
/* End PBXSourcesBuildPhase section */

/* Begin PBXVariantGroup section */
		0158D719185FFB1B00DBB654 /* Localizable.strings */ = {
			isa = PBXVariantGroup;
			children = (
				0158D71B185FFB4900DBB654 /* en */,
			);
			name = Localizable.strings;
			sourceTree = "<group>";
		};
		0158D725185FFCF700DBB654 /* Credits.rtf */ = {
			isa = PBXVariantGroup;
			children = (
				0158D726185FFCF700DBB654 /* en */,
			);
			name = Credits.rtf;
			sourceTree = "<group>";
		};
		0158D727185FFCF700DBB654 /* InfoPlist.strings */ = {
			isa = PBXVariantGroup;
			children = (
				0158D728185FFCF700DBB654 /* en */,
			);
			name = InfoPlist.strings;
			sourceTree = "<group>";
		};
/* End PBXVariantGroup section */

/* Begin XCBuildConfiguration section */
		0158D702185F75D400DBB654 /* Debug */ = {
			isa = XCBuildConfiguration;
			buildSettings = {
				ALWAYS_SEARCH_USER_PATHS = NO;
				CLANG_CXX_LANGUAGE_STANDARD = "gnu++0x";
				CLANG_CXX_LIBRARY = "libc++";
				CLANG_ENABLE_OBJC_ARC = YES;
				CLANG_WARN_BOOL_CONVERSION = YES;
				CLANG_WARN_CONSTANT_CONVERSION = YES;
				CLANG_WARN_DIRECT_OBJC_ISA_USAGE = YES_ERROR;
				CLANG_WARN_EMPTY_BODY = YES;
				CLANG_WARN_ENUM_CONVERSION = YES;
				CLANG_WARN_INT_CONVERSION = YES;
				CLANG_WARN_OBJC_ROOT_CLASS = YES_ERROR;
				CLANG_WARN__DUPLICATE_METHOD_MATCH = YES;
				COPY_PHASE_STRIP = NO;
				GCC_C_LANGUAGE_STANDARD = gnu99;
				GCC_DYNAMIC_NO_PIC = NO;
				GCC_ENABLE_OBJC_EXCEPTIONS = YES;
				GCC_OPTIMIZATION_LEVEL = 0;
				GCC_PREPROCESSOR_DEFINITIONS = (
					"DEBUG=1",
					"$(inherited)",
				);
				GCC_SYMBOLS_PRIVATE_EXTERN = NO;
				GCC_WARN_64_TO_32_BIT_CONVERSION = YES;
				GCC_WARN_ABOUT_RETURN_TYPE = YES_ERROR;
				GCC_WARN_UNDECLARED_SELECTOR = YES;
				GCC_WARN_UNINITIALIZED_AUTOS = YES;
				GCC_WARN_UNUSED_FUNCTION = YES;
				GCC_WARN_UNUSED_VARIABLE = YES;
				MACOSX_DEPLOYMENT_TARGET = 10.9;
				ONLY_ACTIVE_ARCH = YES;
				SDKROOT = macosx;
			};
			name = Debug;
		};
		0158D703185F75D400DBB654 /* Release */ = {
			isa = XCBuildConfiguration;
			buildSettings = {
				ALWAYS_SEARCH_USER_PATHS = NO;
				CLANG_CXX_LANGUAGE_STANDARD = "gnu++0x";
				CLANG_CXX_LIBRARY = "libc++";
				CLANG_ENABLE_OBJC_ARC = YES;
				CLANG_WARN_BOOL_CONVERSION = YES;
				CLANG_WARN_CONSTANT_CONVERSION = YES;
				CLANG_WARN_DIRECT_OBJC_ISA_USAGE = YES_ERROR;
				CLANG_WARN_EMPTY_BODY = YES;
				CLANG_WARN_ENUM_CONVERSION = YES;
				CLANG_WARN_INT_CONVERSION = YES;
				CLANG_WARN_OBJC_ROOT_CLASS = YES_ERROR;
				CLANG_WARN__DUPLICATE_METHOD_MATCH = YES;
				COPY_PHASE_STRIP = YES;
				DEBUG_INFORMATION_FORMAT = "dwarf-with-dsym";
				ENABLE_NS_ASSERTIONS = NO;
				GCC_C_LANGUAGE_STANDARD = gnu99;
				GCC_ENABLE_OBJC_EXCEPTIONS = YES;
				GCC_WARN_64_TO_32_BIT_CONVERSION = YES;
				GCC_WARN_ABOUT_RETURN_TYPE = YES_ERROR;
				GCC_WARN_UNDECLARED_SELECTOR = YES;
				GCC_WARN_UNINITIALIZED_AUTOS = YES;
				GCC_WARN_UNUSED_FUNCTION = YES;
				GCC_WARN_UNUSED_VARIABLE = YES;
				MACOSX_DEPLOYMENT_TARGET = 10.9;
				SDKROOT = macosx;
			};
			name = Release;
		};
		0158D705185F75D400DBB654 /* Debug */ = {
			isa = XCBuildConfiguration;
			buildSettings = {
				ASSETCATALOG_COMPILER_APPICON_NAME = AppIcon;
				COMBINE_HIDPI_IMAGES = YES;
				GCC_PRECOMPILE_PREFIX_HEADER = YES;
				GCC_PREFIX_HEADER = "cocos2d Installer/Supporting Files/cocos2d Installer-Prefix.pch";
				INFOPLIST_FILE = "cocos2d Installer/Supporting Files/cocos2d Installer-Info.plist";
				PRODUCT_NAME = "$(TARGET_NAME)";
				WRAPPER_EXTENSION = app;
			};
			name = Debug;
		};
		0158D706185F75D400DBB654 /* Release */ = {
			isa = XCBuildConfiguration;
			buildSettings = {
				ASSETCATALOG_COMPILER_APPICON_NAME = AppIcon;
				COMBINE_HIDPI_IMAGES = YES;
				GCC_PRECOMPILE_PREFIX_HEADER = YES;
				GCC_PREFIX_HEADER = "cocos2d Installer/Supporting Files/cocos2d Installer-Prefix.pch";
				INFOPLIST_FILE = "cocos2d Installer/Supporting Files/cocos2d Installer-Info.plist";
				PRODUCT_NAME = "$(TARGET_NAME)";
				WRAPPER_EXTENSION = app;
			};
			name = Release;
		};
/* End XCBuildConfiguration section */

/* Begin XCConfigurationList section */
		0158D6CE185F75D400DBB654 /* Build configuration list for PBXProject "cocos2d Installer" */ = {
			isa = XCConfigurationList;
			buildConfigurations = (
				0158D702185F75D400DBB654 /* Debug */,
				0158D703185F75D400DBB654 /* Release */,
			);
			defaultConfigurationIsVisible = 0;
			defaultConfigurationName = Release;
		};
		0158D704185F75D400DBB654 /* Build configuration list for PBXNativeTarget "cocos2d Installer" */ = {
			isa = XCConfigurationList;
			buildConfigurations = (
				0158D705185F75D400DBB654 /* Debug */,
				0158D706185F75D400DBB654 /* Release */,
			);
			defaultConfigurationIsVisible = 0;
			defaultConfigurationName = Release;
		};
/* End XCConfigurationList section */
	};
	rootObject = 0158D6CB185F75D400DBB654 /* Project object */;
}
